<?xml version="1.0" encoding="utf-8"?>
<Project ToolsVersion="4.0" xmlns="http://schemas.microsoft.com/developer/msbuild/2003">
  <ItemGroup>
    <Filter Include="Source Files">
      <UniqueIdentifier>{4FC737F1-C7A5-4376-A066-2A32D752A2FF}</UniqueIdentifier>
      <Extensions>cpp;c;cc;cxx;c++;cppm;ixx;def;odl;idl;hpj;bat;asm;asmx</Extensions>
    </Filter>
    <Filter Include="Header Files">
      <UniqueIdentifier>{93995380-89BD-4b04-88EB-625FBE52EBFB}</UniqueIdentifier>
      <Extensions>h;hh;hpp;hxx;h++;hm;inl;inc;ipp;xsd</Extensions>
    </Filter>
    <Filter Include="Resource Files">
      <UniqueIdentifier>{67DA6AB6-F800-4c08-8B7A-83BB121AAD01}</UniqueIdentifier>
      <Extensions>rc;ico;cur;bmp;dlg;rc2;rct;bin;rgs;gif;jpg;jpeg;jpe;resx;tiff;tif;png;wav;mfcribbon-ms</Extensions>
    </Filter>
    <Filter Include="Source Files\Renderer">
      <UniqueIdentifier>{003776cb-061d-4f52-b54d-5171e78e5e4d}</UniqueIdentifier>
    </Filter>
    <Filter Include="Shaders">
      <UniqueIdentifier>{e88777f0-580d-4df3-b415-9421480bf3f7}</UniqueIdentifier>
    </Filter>
    <Filter Include="Source Files\Platform">
      <UniqueIdentifier>{ac61b27e-9837-479e-a290-6002787b1312}</UniqueIdentifier>
    </Filter>
    <Filter Include="Source Files\Renderer\Shader">
      <UniqueIdentifier>{4c49ade6-32c0-44e1-96e8-8d9e753326b7}</UniqueIdentifier>
    </Filter>
    <Filter Include="Source Files\Renderer\Buffer">
      <UniqueIdentifier>{7d9f216d-c236-41e8-8b06-95a50e6e1e5c}</UniqueIdentifier>
    </Filter>
    <Filter Include="Source Files\Renderer\Texture">
      <UniqueIdentifier>{b4f8b2b4-7ea6-464e-a03c-025665d9b67a}</UniqueIdentifier>
    </Filter>
  </ItemGroup>
  <ItemGroup>
    <ClCompile Include="Main.cpp">
      <Filter>Source Files</Filter>
    </ClCompile>
    <ClCompile Include="Renderer\Renderer.cpp">
      <Filter>Source Files\Renderer</Filter>
    </ClCompile>
    <ClCompile Include="Renderer\Buffer\IndexBuffer.cpp">
      <Filter>Source Files\Renderer\Buffer</Filter>
    </ClCompile>
    <ClCompile Include="Renderer\Buffer\VertexBuffer.cpp">
      <Filter>Source Files\Renderer\Buffer</Filter>
    </ClCompile>
    <ClCompile Include="Renderer\Shader\PixelShader.cpp">
      <Filter>Source Files\Renderer\Shader</Filter>
    </ClCompile>
    <ClCompile Include="Renderer\Shader\VertexShader.cpp">
      <Filter>Source Files\Renderer\Shader</Filter>
    </ClCompile>
    <ClCompile Include="Platform\Window.cpp">
      <Filter>Source Files\Platform</Filter>
    </ClCompile>
    <ClCompile Include="Renderer\Texture\Texture.cpp">
      <Filter>Source Files\Renderer\Texture</Filter>
    </ClCompile>
  </ItemGroup>
  <ItemGroup>
    <ClInclude Include="Renderer\Renderer.h">
      <Filter>Source Files\Renderer</Filter>
    </ClInclude>
    <ClInclude Include="Renderer\Buffer\VertexBuffer.h">
      <Filter>Source Files\Renderer\Buffer</Filter>
    </ClInclude>
    <ClInclude Include="Renderer\Buffer\IndexBuffer.h">
      <Filter>Source Files\Renderer\Buffer</Filter>
    </ClInclude>
    <ClInclude Include="Renderer\Shader\VertexShader.h">
      <Filter>Source Files\Renderer\Shader</Filter>
    </ClInclude>
    <ClInclude Include="Renderer\Shader\PixelShader.h">
      <Filter>Source Files\Renderer\Shader</Filter>
    </ClInclude>
    <ClInclude Include="Platform\Window.h">
      <Filter>Source Files\Platform</Filter>
    </ClInclude>
    <ClInclude Include="Renderer\Texture\Texture.h">
      <Filter>Source Files\Renderer\Texture</Filter>
    </ClInclude>
  </ItemGroup>
  <ItemGroup>
    <FxCompile Include="Shaders\BasicShader.hlsl">
      <Filter>Shaders</Filter>
    </FxCompile>
  </ItemGroup>
</Project>
